// !$*UTF8*$!
{
	archiveVersion = 1;
	classes = {
	};
	objectVersion = 55;
	objects = {

/* Begin PBXBuildFile section */
		8984C59D972E628BDC33E371 /* libPods-RNProject.a in Frameworks */ = {isa = PBXBuildFile; fileRef = DCFECBA4E1BEA7327F7A6C93 /* libPods-RNProject.a */; };
		F9E1DF0328A0EC8B007B6F6E /* AppDelegate.m in Sources */ = {isa = PBXBuildFile; fileRef = F9E1DF0228A0EC8B007B6F6E /* AppDelegate.m */; };
		F9E1DF0928A0EC8B007B6F6E /* ViewController.m in Sources */ = {isa = PBXBuildFile; fileRef = F9E1DF0828A0EC8B007B6F6E /* ViewController.m */; };
		F9E1DF0C28A0EC8C007B6F6E /* Main.storyboard in Resources */ = {isa = PBXBuildFile; fileRef = F9E1DF0A28A0EC8C007B6F6E /* Main.storyboard */; };
		F9E1DF0E28A0EC8F007B6F6E /* Assets.xcassets in Resources */ = {isa = PBXBuildFile; fileRef = F9E1DF0D28A0EC8F007B6F6E /* Assets.xcassets */; };
		F9E1DF1128A0EC8F007B6F6E /* LaunchScreen.storyboard in Resources */ = {isa = PBXBuildFile; fileRef = F9E1DF0F28A0EC8F007B6F6E /* LaunchScreen.storyboard */; };
		F9E1DF1428A0EC8F007B6F6E /* main.m in Sources */ = {isa = PBXBuildFile; fileRef = F9E1DF1328A0EC8F007B6F6E /* main.m */; };
/* End PBXBuildFile section */

/* Begin PBXFileReference section */
		18A2D7A627378191BBBEAAD6 /* Pods-RNProject.release.xcconfig */ = {isa = PBXFileReference; includeInIndex = 1; lastKnownFileType = text.xcconfig; name = "Pods-RNProject.release.xcconfig"; path = "Target Support Files/Pods-RNProject/Pods-RNProject.release.xcconfig"; sourceTree = "<group>"; };
		1BBC7853ED8A50231FF3F163 /* Pods-RNProject.debug.xcconfig */ = {isa = PBXFileReference; includeInIndex = 1; lastKnownFileType = text.xcconfig; name = "Pods-RNProject.debug.xcconfig"; path = "Target Support Files/Pods-RNProject/Pods-RNProject.debug.xcconfig"; sourceTree = "<group>"; };
		DCFECBA4E1BEA7327F7A6C93 /* libPods-RNProject.a */ = {isa = PBXFileReference; explicitFileType = archive.ar; includeInIndex = 0; path = "libPods-RNProject.a"; sourceTree = BUILT_PRODUCTS_DIR; };
		F9E1DEFE28A0EC8B007B6F6E /* RNProject.app */ = {isa = PBXFileReference; explicitFileType = wrapper.application; includeInIndex = 0; path = RNProject.app; sourceTree = BUILT_PRODUCTS_DIR; };
		F9E1DF0128A0EC8B007B6F6E /* AppDelegate.h */ = {isa = PBXFileReference; lastKnownFileType = sourcecode.c.h; path = AppDelegate.h; sourceTree = "<group>"; };
		F9E1DF0228A0EC8B007B6F6E /* AppDelegate.m */ = {isa = PBXFileReference; lastKnownFileType = sourcecode.c.objc; path = AppDelegate.m; sourceTree = "<group>"; };
		F9E1DF0728A0EC8B007B6F6E /* ViewController.h */ = {isa = PBXFileReference; lastKnownFileType = sourcecode.c.h; path = ViewController.h; sourceTree = "<group>"; };
		F9E1DF0828A0EC8B007B6F6E /* ViewController.m */ = {isa = PBXFileReference; lastKnownFileType = sourcecode.c.objc; path = ViewController.m; sourceTree = "<group>"; };
		F9E1DF0B28A0EC8C007B6F6E /* Base */ = {isa = PBXFileReference; lastKnownFileType = file.storyboard; name = Base; path = Base.lproj/Main.storyboard; sourceTree = "<group>"; };
		F9E1DF0D28A0EC8F007B6F6E /* Assets.xcassets */ = {isa = PBXFileReference; lastKnownFileType = folder.assetcatalog; path = Assets.xcassets; sourceTree = "<group>"; };
		F9E1DF1028A0EC8F007B6F6E /* Base */ = {isa = PBXFileReference; lastKnownFileType = file.storyboard; name = Base; path = Base.lproj/LaunchScreen.storyboard; sourceTree = "<group>"; };
		F9E1DF1228A0EC8F007B6F6E /* Info.plist */ = {isa = PBXFileReference; lastKnownFileType = text.plist.xml; path = Info.plist; sourceTree = "<group>"; };
		F9E1DF1328A0EC8F007B6F6E /* main.m */ = {isa = PBXFileReference; lastKnownFileType = sourcecode.c.objc; path = main.m; sourceTree = "<group>"; };
/* End PBXFileReference section */

/* Begin PBXFrameworksBuildPhase section */
		F9E1DEFB28A0EC8B007B6F6E /* Frameworks */ = {
			isa = PBXFrameworksBuildPhase;
			buildActionMask = 2147483647;
			files = (
				8984C59D972E628BDC33E371 /* libPods-RNProject.a in Frameworks */,
			);
			runOnlyForDeploymentPostprocessing = 0;
		};
/* End PBXFrameworksBuildPhase section */

/* Begin PBXGroup section */
		0CC464C4361972FA8E17F18A /* Pods */ = {
			isa = PBXGroup;
			children = (
				1BBC7853ED8A50231FF3F163 /* Pods-RNProject.debug.xcconfig */,
				18A2D7A627378191BBBEAAD6 /* Pods-RNProject.release.xcconfig */,
			);
			path = Pods;
			sourceTree = "<group>";
		};
		3BF833F856F5E376B36A7DC0 /* Frameworks */ = {
			isa = PBXGroup;
			children = (
				DCFECBA4E1BEA7327F7A6C93 /* libPods-RNProject.a */,
			);
			name = Frameworks;
			sourceTree = "<group>";
		};
		F9E1DEF528A0EC8B007B6F6E = {
			isa = PBXGroup;
			children = (
				F9E1DF0028A0EC8B007B6F6E /* RNProject */,
				F9E1DEFF28A0EC8B007B6F6E /* Products */,
				0CC464C4361972FA8E17F18A /* Pods */,
				3BF833F856F5E376B36A7DC0 /* Frameworks */,
			);
			sourceTree = "<group>";
		};
		F9E1DEFF28A0EC8B007B6F6E /* Products */ = {
			isa = PBXGroup;
			children = (
				F9E1DEFE28A0EC8B007B6F6E /* RNProject.app */,
			);
			name = Products;
			sourceTree = "<group>";
		};
		F9E1DF0028A0EC8B007B6F6E /* RNProject */ = {
			isa = PBXGroup;
			children = (
				F9E1DF0128A0EC8B007B6F6E /* AppDelegate.h */,
				F9E1DF0228A0EC8B007B6F6E /* AppDelegate.m */,
				F9E1DF0728A0EC8B007B6F6E /* ViewController.h */,
				F9E1DF0828A0EC8B007B6F6E /* ViewController.m */,
				F9E1DF0A28A0EC8C007B6F6E /* Main.storyboard */,
				F9E1DF0D28A0EC8F007B6F6E /* Assets.xcassets */,
				F9E1DF0F28A0EC8F007B6F6E /* LaunchScreen.storyboard */,
				F9E1DF1228A0EC8F007B6F6E /* Info.plist */,
				F9E1DF1328A0EC8F007B6F6E /* main.m */,
			);
			path = RNProject;
			sourceTree = "<group>";
		};
/* End PBXGroup section */

/* Begin PBXNativeTarget section */
		F9E1DEFD28A0EC8B007B6F6E /* RNProject */ = {
			isa = PBXNativeTarget;
			buildConfigurationList = F9E1DF1728A0EC8F007B6F6E /* Build configuration list for PBXNativeTarget "RNProject" */;
			buildPhases = (
				DA78235AC94060B7B263492C /* [CP] Check Pods Manifest.lock */,
				F9E1DEFA28A0EC8B007B6F6E /* Sources */,
				F9E1DEFB28A0EC8B007B6F6E /* Frameworks */,
				F9E1DEFC28A0EC8B007B6F6E /* Resources */,
				C67D114797F35EA4D7C9841E /* [CP] Embed Pods Frameworks */,
				01FEAF21F00CB584220FF6F1 /* [CP] Copy Pods Resources */,
			);
			buildRules = (
			);
			dependencies = (
			);
			name = RNProject;
			productName = RNProject;
			productReference = F9E1DEFE28A0EC8B007B6F6E /* RNProject.app */;
			productType = "com.apple.product-type.application";
		};
/* End PBXNativeTarget section */

/* Begin PBXProject section */
		F9E1DEF628A0EC8B007B6F6E /* Project object */ = {
			isa = PBXProject;
			attributes = {
				BuildIndependentTargetsInParallel = 1;
				LastUpgradeCheck = 1340;
				TargetAttributes = {
					F9E1DEFD28A0EC8B007B6F6E = {
						CreatedOnToolsVersion = 13.4.1;
					};
				};
			};
			buildConfigurationList = F9E1DEF928A0EC8B007B6F6E /* Build configuration list for PBXProject "RNProject" */;
			compatibilityVersion = "Xcode 13.0";
			developmentRegion = en;
			hasScannedForEncodings = 0;
			knownRegions = (
				en,
				Base,
			);
			mainGroup = F9E1DEF528A0EC8B007B6F6E;
			productRefGroup = F9E1DEFF28A0EC8B007B6F6E /* Products */;
			projectDirPath = "";
			projectRoot = "";
			targets = (
				F9E1DEFD28A0EC8B007B6F6E /* RNProject */,
			);
		};
/* End PBXProject section */

/* Begin PBXResourcesBuildPhase section */
		F9E1DEFC28A0EC8B007B6F6E /* Resources */ = {
			isa = PBXResourcesBuildPhase;
			buildActionMask = 2147483647;
			files = (
				F9E1DF1128A0EC8F007B6F6E /* LaunchScreen.storyboard in Resources */,
				F9E1DF0E28A0EC8F007B6F6E /* Assets.xcassets in Resources */,
				F9E1DF0C28A0EC8C007B6F6E /* Main.storyboard in Resources */,
			);
			runOnlyForDeploymentPostprocessing = 0;
		};
/* End PBXResourcesBuildPhase section */

/* Begin PBXShellScriptBuildPhase section */
		01FEAF21F00CB584220FF6F1 /* [CP] Copy Pods Resources */ = {
			isa = PBXShellScriptBuildPhase;
			buildActionMask = 2147483647;
			files = (
			);
			inputFileListPaths = (
				"${PODS_ROOT}/Target Support Files/Pods-RNProject/Pods-RNProject-resources-${CONFIGURATION}-input-files.xcfilelist",
			);
			name = "[CP] Copy Pods Resources";
			outputFileListPaths = (
				"${PODS_ROOT}/Target Support Files/Pods-RNProject/Pods-RNProject-resources-${CONFIGURATION}-output-files.xcfilelist",
			);
			runOnlyForDeploymentPostprocessing = 0;
			shellPath = /bin/sh;
			shellScript = "\"${PODS_ROOT}/Target Support Files/Pods-RNProject/Pods-RNProject-resources.sh\"\n";
			showEnvVarsInLog = 0;
		};
		C67D114797F35EA4D7C9841E /* [CP] Embed Pods Frameworks */ = {
			isa = PBXShellScriptBuildPhase;
			buildActionMask = 2147483647;
			files = (
			);
			inputFileListPaths = (
				"${PODS_ROOT}/Target Support Files/Pods-RNProject/Pods-RNProject-frameworks-${CONFIGURATION}-input-files.xcfilelist",
			);
			name = "[CP] Embed Pods Frameworks";
			outputFileListPaths = (
				"${PODS_ROOT}/Target Support Files/Pods-RNProject/Pods-RNProject-frameworks-${CONFIGURATION}-output-files.xcfilelist",
			);
			runOnlyForDeploymentPostprocessing = 0;
			shellPath = /bin/sh;
			shellScript = "\"${PODS_ROOT}/Target Support Files/Pods-RNProject/Pods-RNProject-frameworks.sh\"\n";
			showEnvVarsInLog = 0;
		};
		DA78235AC94060B7B263492C /* [CP] Check Pods Manifest.lock */ = {
			isa = PBXShellScriptBuildPhase;
			buildActionMask = 2147483647;
			files = (
			);
			inputFileListPaths = (
			);
			inputPaths = (
				"${PODS_PODFILE_DIR_PATH}/Podfile.lock",
				"${PODS_ROOT}/Manifest.lock",
			);
			name = "[CP] Check Pods Manifest.lock";
			outputFileListPaths = (
			);
			outputPaths = (
				"$(DERIVED_FILE_DIR)/Pods-RNProject-checkManifestLockResult.txt",
			);
			runOnlyForDeploymentPostprocessing = 0;
			shellPath = /bin/sh;
			shellScript = "diff \"${PODS_PODFILE_DIR_PATH}/Podfile.lock\" \"${PODS_ROOT}/Manifest.lock\" > /dev/null\nif [ $? != 0 ] ; then\n    # print error to STDERR\n    echo \"error: The sandbox is not in sync with the Podfile.lock. Run 'pod install' or update your CocoaPods installation.\" >&2\n    exit 1\nfi\n# This output is used by Xcode 'outputs' to avoid re-running this script phase.\necho \"SUCCESS\" > \"${SCRIPT_OUTPUT_FILE_0}\"\n";
			showEnvVarsInLog = 0;
		};
/* End PBXShellScriptBuildPhase section */

/* Begin PBXSourcesBuildPhase section */
		F9E1DEFA28A0EC8B007B6F6E /* Sources */ = {
			isa = PBXSourcesBuildPhase;
			buildActionMask = 2147483647;
			files = (
				F9E1DF0928A0EC8B007B6F6E /* ViewController.m in Sources */,
				F9E1DF0328A0EC8B007B6F6E /* AppDelegate.m in Sources */,
				F9E1DF1428A0EC8F007B6F6E /* main.m in Sources */,
			);
			runOnlyForDeploymentPostprocessing = 0;
		};
/* End PBXSourcesBuildPhase section */

/* Begin PBXVariantGroup section */
		F9E1DF0A28A0EC8C007B6F6E /* Main.storyboard */ = {
			isa = PBXVariantGroup;
			children = (
				F9E1DF0B28A0EC8C007B6F6E /* Base */,
			);
			name = Main.storyboard;
			sourceTree = "<group>";
		};
		F9E1DF0F28A0EC8F007B6F6E /* LaunchScreen.storyboard */ = {
			isa = PBXVariantGroup;
			children = (
				F9E1DF1028A0EC8F007B6F6E /* Base */,
			);
			name = LaunchScreen.storyboard;
			sourceTree = "<group>";
		};
/* End PBXVariantGroup section */

/* Begin XCBuildConfiguration section */
		F9E1DF1528A0EC8F007B6F6E /* Debug */ = {
			isa = XCBuildConfiguration;
			buildSettings = {
				ALWAYS_SEARCH_USER_PATHS = NO;
				CLANG_ANALYZER_NONNULL = YES;
				CLANG_ANALYZER_NUMBER_OBJECT_CONVERSION = YES_AGGRESSIVE;
				CLANG_CXX_LANGUAGE_STANDARD = "gnu++17";
				CLANG_ENABLE_MODULES = YES;
				CLANG_ENABLE_OBJC_ARC = YES;
				CLANG_ENABLE_OBJC_WEAK = YES;
				CLANG_WARN_BLOCK_CAPTURE_AUTORELEASING = YES;
				CLANG_WARN_BOOL_CONVERSION = YES;
				CLANG_WARN_COMMA = YES;
				CLANG_WARN_CONSTANT_CONVERSION = YES;
				CLANG_WARN_DEPRECATED_OBJC_IMPLEMENTATIONS = YES;
				CLANG_WARN_DIRECT_OBJC_ISA_USAGE = YES_ERROR;
				CLANG_WARN_DOCUMENTATION_COMMENTS = YES;
				CLANG_WARN_EMPTY_BODY = YES;
				CLANG_WARN_ENUM_CONVERSION = YES;
				CLANG_WARN_INFINITE_RECURSION = YES;
				CLANG_WARN_INT_CONVERSION = YES;
				CLANG_WARN_NON_LITERAL_NULL_CONVERSION = YES;
				CLANG_WARN_OBJC_IMPLICIT_RETAIN_SELF = YES;
				CLANG_WARN_OBJC_LITERAL_CONVERSION = YES;
				CLANG_WARN_OBJC_ROOT_CLASS = YES_ERROR;
				CLANG_WARN_QUOTED_INCLUDE_IN_FRAMEWORK_HEADER = YES;
				CLANG_WARN_RANGE_LOOP_ANALYSIS = YES;
				CLANG_WARN_STRICT_PROTOTYPES = YES;
				CLANG_WARN_SUSPICIOUS_MOVE = YES;
				CLANG_WARN_UNGUARDED_AVAILABILITY = YES_AGGRESSIVE;
				CLANG_WARN_UNREACHABLE_CODE = YES;
				CLANG_WARN__DUPLICATE_METHOD_MATCH = YES;
				COPY_PHASE_STRIP = NO;
				DEBUG_INFORMATION_FORMAT = dwarf;
				ENABLE_STRICT_OBJC_MSGSEND = YES;
				ENABLE_TESTABILITY = YES;
				"EXCLUDED_ARCHS[sdk=iphonesimulator*]" = "";
				GCC_C_LANGUAGE_STANDARD = gnu11;
				GCC_DYNAMIC_NO_PIC = NO;
				GCC_NO_COMMON_BLOCKS = YES;
				GCC_OPTIMIZATION_LEVEL = 0;
				GCC_PREPROCESSOR_DEFINITIONS = (
					"DEBUG=1",
					"$(inherited)",
				);
				GCC_WARN_64_TO_32_BIT_CONVERSION = YES;
				GCC_WARN_ABOUT_RETURN_TYPE = YES_ERROR;
				GCC_WARN_UNDECLARED_SELECTOR = YES;
				GCC_WARN_UNINITIALIZED_AUTOS = YES_AGGRESSIVE;
				GCC_WARN_UNUSED_FUNCTION = YES;
				GCC_WARN_UNUSED_VARIABLE = YES;
				IPHONEOS_DEPLOYMENT_TARGET = 15.5;
				MTL_ENABLE_DEBUG_INFO = INCLUDE_SOURCE;
				MTL_FAST_MATH = YES;
				ONLY_ACTIVE_ARCH = YES;
				SDKROOT = iphoneos;
			};
			name = Debug;
		};
		F9E1DF1628A0EC8F007B6F6E /* Release */ = {
			isa = XCBuildConfiguration;
			buildSettings = {
				ALWAYS_SEARCH_USER_PATHS = NO;
				CLANG_ANALYZER_NONNULL = YES;
				CLANG_ANALYZER_NUMBER_OBJECT_CONVERSION = YES_AGGRESSIVE;
				CLANG_CXX_LANGUAGE_STANDARD = "gnu++17";
				CLANG_ENABLE_MODULES = YES;
				CLANG_ENABLE_OBJC_ARC = YES;
				CLANG_ENABLE_OBJC_WEAK = YES;
				CLANG_WARN_BLOCK_CAPTURE_AUTORELEASING = YES;
				CLANG_WARN_BOOL_CONVERSION = YES;
				CLANG_WARN_COMMA = YES;
				CLANG_WARN_CONSTANT_CONVERSION = YES;
				CLANG_WARN_DEPRECATED_OBJC_IMPLEMENTATIONS = YES;
				CLANG_WARN_DIRECT_OBJC_ISA_USAGE = YES_ERROR;
				CLANG_WARN_DOCUMENTATION_COMMENTS = YES;
				CLANG_WARN_EMPTY_BODY = YES;
				CLANG_WARN_ENUM_CONVERSION = YES;
				CLANG_WARN_INFINITE_RECURSION = YES;
				CLANG_WARN_INT_CONVERSION = YES;
				CLANG_WARN_NON_LITERAL_NULL_CONVERSION = YES;
				CLANG_WARN_OBJC_IMPLICIT_RETAIN_SELF = YES;
				CLANG_WARN_OBJC_LITERAL_CONVERSION = YES;
				CLANG_WARN_OBJC_ROOT_CLASS = YES_ERROR;
				CLANG_WARN_QUOTED_INCLUDE_IN_FRAMEWORK_HEADER = YES;
				CLANG_WARN_RANGE_LOOP_ANALYSIS = YES;
				CLANG_WARN_STRICT_PROTOTYPES = YES;
				CLANG_WARN_SUSPICIOUS_MOVE = YES;
				CLANG_WARN_UNGUARDED_AVAILABILITY = YES_AGGRESSIVE;
				CLANG_WARN_UNREACHABLE_CODE = YES;
				CLANG_WARN__DUPLICATE_METHOD_MATCH = YES;
				COPY_PHASE_STRIP = NO;
				DEBUG_INFORMATION_FORMAT = "dwarf-with-dsym";
				ENABLE_NS_ASSERTIONS = NO;
				ENABLE_STRICT_OBJC_MSGSEND = YES;
				"EXCLUDED_ARCHS[sdk=iphonesimulator*]" = "";
				GCC_C_LANGUAGE_STANDARD = gnu11;
				GCC_NO_COMMON_BLOCKS = YES;
				GCC_WARN_64_TO_32_BIT_CONVERSION = YES;
				GCC_WARN_ABOUT_RETURN_TYPE = YES_ERROR;
				GCC_WARN_UNDECLARED_SELECTOR = YES;
				GCC_WARN_UNINITIALIZED_AUTOS = YES_AGGRESSIVE;
				GCC_WARN_UNUSED_FUNCTION = YES;
				GCC_WARN_UNUSED_VARIABLE = YES;
				IPHONEOS_DEPLOYMENT_TARGET = 15.5;
				MTL_ENABLE_DEBUG_INFO = NO;
				MTL_FAST_MATH = YES;
				SDKROOT = iphoneos;
				VALIDATE_PRODUCT = YES;
			};
			name = Release;
		};
		F9E1DF1828A0EC8F007B6F6E /* Debug */ = {
			isa = XCBuildConfiguration;
			baseConfigurationReference = 1BBC7853ED8A50231FF3F163 /* Pods-RNProject.debug.xcconfig */;
			buildSettings = {
				ASSETCATALOG_COMPILER_APPICON_NAME = AppIcon;
				ASSETCATALOG_COMPILER_GLOBAL_ACCENT_COLOR_NAME = AccentColor;
				CODE_SIGN_IDENTITY = "iPhone Developer";
				CODE_SIGN_STYLE = Manual;
				CURRENT_PROJECT_VERSION = 1;
				DEVELOPMENT_TEAM = SPQDB6L6C8;
				GENERATE_INFOPLIST_FILE = YES;
				INFOPLIST_FILE = RNProject/Info.plist;
				INFOPLIST_KEY_UIApplicationSupportsIndirectInputEvents = YES;
				INFOPLIST_KEY_UILaunchStoryboardName = LaunchScreen;
				INFOPLIST_KEY_UIMainStoryboardFile = Main;
				INFOPLIST_KEY_UISupportedInterfaceOrientations_iPad = "UIInterfaceOrientationPortrait UIInterfaceOrientationPortraitUpsideDown UIInterfaceOrientationLandscapeLeft UIInterfaceOrientationLandscapeRight";
				INFOPLIST_KEY_UISupportedInterfaceOrientations_iPhone = "UIInterfaceOrientationPortrait UIInterfaceOrientationLandscapeLeft UIInterfaceOrientationLandscapeRight";
				IPHONEOS_DEPLOYMENT_TARGET = 11.0;
				LD_RUNPATH_SEARCH_PATHS = (
					"$(inherited)",
					"@executable_path/Frameworks",
				);
				MARKETING_VERSION = 1.0;
				PRODUCT_BUNDLE_IDENTIFIER = com.dejiplaza.deji.RNProject;
				PRODUCT_NAME = "$(TARGET_NAME)";
				PROVISIONING_PROFILE_SPECIFIER = "All Device Provisioning Profile";
				SWIFT_EMIT_LOC_STRINGS = YES;
				TARGETED_DEVICE_FAMILY = 1;
			};
			name = Debug;
		};
		F9E1DF1928A0EC8F007B6F6E /* Release */ = {
			isa = XCBuildConfiguration;
			baseConfigurationReference = 18A2D7A627378191BBBEAAD6 /* Pods-RNProject.release.xcconfig */;
			buildSettings = {
				ASSETCATALOG_COMPILER_APPICON_NAME = AppIcon;
				ASSETCATALOG_COMPILER_GLOBAL_ACCENT_COLOR_NAME = AccentColor;
				CODE_SIGN_IDENTITY = "iPhone Developer";
				CODE_SIGN_STYLE = Manual;
				CURRENT_PROJECT_VERSION = 1;
				DEVELOPMENT_TEAM = SPQDB6L6C8;
				GENERATE_INFOPLIST_FILE = YES;
				INFOPLIST_FILE = RNProject/Info.plist;
				INFOPLIST_KEY_UIApplicationSupportsIndirectInputEvents = YES;
				INFOPLIST_KEY_UILaunchStoryboardName = LaunchScreen;
				INFOPLIST_KEY_UIMainStoryboardFile = Main;
				INFOPLIST_KEY_UISupportedInterfaceOrientations_iPad = "UIInterfaceOrientationPortrait UIInterfaceOrientationPortraitUpsideDown UIInterfaceOrientationLandscapeLeft UIInterfaceOrientationLandscapeRight";
				INFOPLIST_KEY_UISupportedInterfaceOrientations_iPhone = "UIInterfaceOrientationPortrait UIInterfaceOrientationLandscapeLeft UIInterfaceOrientationLandscapeRight";
				IPHONEOS_DEPLOYMENT_TARGET = 11.0;
				LD_RUNPATH_SEARCH_PATHS = (
					"$(inherited)",
					"@executable_path/Frameworks",
				);
				MARKETING_VERSION = 1.0;
				PRODUCT_BUNDLE_IDENTIFIER = com.dejiplaza.deji.RNProject;
				PRODUCT_NAME = "$(TARGET_NAME)";
				PROVISIONING_PROFILE_SPECIFIER = "All Device Provisioning Profile";
				SWIFT_EMIT_LOC_STRINGS = YES;
				TARGETED_DEVICE_FAMILY = 1;
			};
			name = Release;
		};
/* End XCBuildConfiguration section */

/* Begin XCConfigurationList section */
		F9E1DEF928A0EC8B007B6F6E /* Build configuration list for PBXProject "RNProject" */ = {
			isa = XCConfigurationList;
			buildConfigurations = (
				F9E1DF1528A0EC8F007B6F6E /* Debug */,
				F9E1DF1628A0EC8F007B6F6E /* Release */,
			);
			defaultConfigurationIsVisible = 0;
			defaultConfigurationName = Release;
		};
		F9E1DF1728A0EC8F007B6F6E /* Build configuration list for PBXNativeTarget "RNProject" */ = {
			isa = XCConfigurationList;
			buildConfigurations = (
				F9E1DF1828A0EC8F007B6F6E /* Debug */,
				F9E1DF1928A0EC8F007B6F6E /* Release */,
			);
			defaultConfigurationIsVisible = 0;
			defaultConfigurationName = Release;
		};
/* End XCConfigurationList section */
	};
	rootObject = F9E1DEF628A0EC8B007B6F6E /* Project object */;
}
